
Microsoft Visual Studio Solution File, Format Version 12.00
# Visual Studio Version 17
VisualStudioVersion = 17.8.34004.107
MinimumVisualStudioVersion = 10.0.40219.1
Project("{FAE04EC0-301F-11D3-BF4B-00C04F79EFBC}") = "ExpenseTracker", "ExpenseTracker.csproj", "{F9B970F6-4C30-4DA7-B771-1E364CC84A5F}"
EndProject
Global
	GlobalSection(SolutionConfigurationPlatforms) = preSolution
		Debug|Any CPU = Debug|Any CPU
		Release|Any CPU = Release|Any CPU
	EndGlobalSection
	GlobalSection(ProjectConfigurationPlatforms) = postSolution
		{F9B970F6-4C30-4DA7-B771-1E364CC84A5F}.Debug|Any CPU.ActiveCfg = Debug|Any CPU
		{F9B970F6-4C30-4DA7-B771-1E364CC84A5F}.Debug|Any CPU.Build.0 = Debug|Any CPU
		{F9B970F6-4C30-4DA7-B771-1E364CC84A5F}.Release|Any CPU.ActiveCfg = Release|Any CPU
		{F9B970F6-4C30-4DA7-B771-1E364CC84A5F}.Release|Any CPU.Build.0 = Release|Any CPU
	EndGlobalSection
	GlobalSection(SolutionProperties) = preSolution
		HideSolutionNode = FALSE
	EndGlobalSection
	GlobalSection(ExtensibilityGlobals) = postSolution
		SolutionGuid = {E4CB332A-39DD-497C-963C-54FC3BAB970E}
	EndGlobalSection
EndGlobal
